
Microsoft Visual Studio Solution File, Format Version 11.00
# Visual Studio 2010
Project("{FAE04EC0-301F-11D3-BF4B-00C04F79EFBC}") = "MvcMusicStore", "MvcMusicStore\MvcMusicStore.csproj", "{B70DDDE6-840F-44F2-B443-049DC47037D7}"
EndProject
Global
	GlobalSection(SolutionConfigurationPlatforms) = preSolution
		Debug|Any CPU = Debug|Any CPU
		Release|Any CPU = Release|Any CPU
	EndGlobalSection
	GlobalSection(ProjectConfigurationPlatforms) = postSolution
		{B70DDDE6-840F-44F2-B443-049DC47037D7}.Debug|Any CPU.ActiveCfg = Debug|Any CPU
		{B70DDDE6-840F-44F2-B443-049DC47037D7}.Debug|Any CPU.Build.0 = Debug|Any CPU
		{B70DDDE6-840F-44F2-B443-049DC47037D7}.Release|Any CPU.ActiveCfg = Release|Any CPU
		{B70DDDE6-840F-44F2-B443-049DC47037D7}.Release|Any CPU.Build.0 = Release|Any CPU
	EndGlobalSection
	GlobalSection(SolutionProperties) = preSolution
		HideSolutionNode = FALSE
	EndGlobalSection
EndGlobal
